
Microsoft Visual Studio Solution File, Format Version 12.00
# Visual Studio Version 16
VisualStudioVersion = 16.0.30413.136
MinimumVisualStudioVersion = 10.0.40219.1
Project("{9A19103F-16F7-4668-BE54-9A1E7A4F7556}") = "SubstrateNetApi", "SubstrateNetApi\SubstrateNetApi.csproj", "{A9A29CC9-09EC-4624-8156-654A0E0936D8}"
EndProject
Project("{9A19103F-16F7-4668-BE54-9A1E7A4F7556}") = "SubstrateNetApiTests", "SubstrateNetApiTest\SubstrateNetApiTests.csproj", "{44F3AE7C-8392-4CE4-9EA6-3F3E3EF647FC}"
EndProject
Project("{9A19103F-16F7-4668-BE54-9A1E7A4F7556}") = "SubstrateNetWallet", "SubstrateNetWallet\SubstrateNetWallet.csproj", "{A5AC7353-B667-4400-A03B-2E9CB9C01A63}"
EndProject
Project("{9A19103F-16F7-4668-BE54-9A1E7A4F7556}") = "SubstrateNetWalletTests", "SubstrateNetWalletTest\SubstrateNetWalletTests.csproj", "{582954DB-2482-4706-BBD5-A4BE6B97E559}"
EndProject
Project("{9A19103F-16F7-4668-BE54-9A1E7A4F7556}") = "NodeLibraryGen", "NodeLibraryGen\NodeLibraryGen.csproj", "{A1093D5B-2EA7-461C-B2A2-D8DE7A6456EA}"
EndProject
Project("{9A19103F-16F7-4668-BE54-9A1E7A4F7556}") = "SubstrateNetApiExt", "SubstrateNetApiGen\SubstrateNetApiExt\SubstrateNetApiExt.csproj", "{B1D14942-C434-43B8-AAFA-B625C520C0BF}"
EndProject
Project("{9A19103F-16F7-4668-BE54-9A1E7A4F7556}") = "SubstrateNetApiExtTest", "SubstrateNetApiGen\SubstrateNetApiExtTest\SubstrateNetApiExtTest.csproj", "{20611A39-FA1C-4E2F-8E7A-636557793B1E}"
EndProject
Global
	GlobalSection(SolutionConfigurationPlatforms) = preSolution
		Debug|Any CPU = Debug|Any CPU
		Debug|x64 = Debug|x64
		Release|Any CPU = Release|Any CPU
		Release|x64 = Release|x64
	EndGlobalSection
	GlobalSection(ProjectConfigurationPlatforms) = postSolution
		{A9A29CC9-09EC-4624-8156-654A0E0936D8}.Debug|Any CPU.ActiveCfg = Debug|Any CPU
		{A9A29CC9-09EC-4624-8156-654A0E0936D8}.Debug|Any CPU.Build.0 = Debug|Any CPU
		{A9A29CC9-09EC-4624-8156-654A0E0936D8}.Debug|x64.ActiveCfg = Debug|Any CPU
		{A9A29CC9-09EC-4624-8156-654A0E0936D8}.Debug|x64.Build.0 = Debug|Any CPU
		{A9A29CC9-09EC-4624-8156-654A0E0936D8}.Release|Any CPU.ActiveCfg = Release|Any CPU
		{A9A29CC9-09EC-4624-8156-654A0E0936D8}.Release|Any CPU.Build.0 = Release|Any CPU
		{A9A29CC9-09EC-4624-8156-654A0E0936D8}.Release|x64.ActiveCfg = Release|Any CPU
		{A9A29CC9-09EC-4624-8156-654A0E0936D8}.Release|x64.Build.0 = Release|Any CPU
		{44F3AE7C-8392-4CE4-9EA6-3F3E3EF647FC}.Debug|Any CPU.ActiveCfg = Debug|Any CPU
		{44F3AE7C-8392-4CE4-9EA6-3F3E3EF647FC}.Debug|Any CPU.Build.0 = Debug|Any CPU
		{44F3AE7C-8392-4CE4-9EA6-3F3E3EF647FC}.Debug|x64.ActiveCfg = Debug|Any CPU
		{44F3AE7C-8392-4CE4-9EA6-3F3E3EF647FC}.Debug|x64.Build.0 = Debug|Any CPU
		{44F3AE7C-8392-4CE4-9EA6-3F3E3EF647FC}.Release|Any CPU.ActiveCfg = Release|Any CPU
		{44F3AE7C-8392-4CE4-9EA6-3F3E3EF647FC}.Release|Any CPU.Build.0 = Release|Any CPU
		{44F3AE7C-8392-4CE4-9EA6-3F3E3EF647FC}.Release|x64.ActiveCfg = Release|Any CPU
		{44F3AE7C-8392-4CE4-9EA6-3F3E3EF647FC}.Release|x64.Build.0 = Release|Any CPU
		{A5AC7353-B667-4400-A03B-2E9CB9C01A63}.Debug|Any CPU.ActiveCfg = Debug|Any CPU
		{A5AC7353-B667-4400-A03B-2E9CB9C01A63}.Debug|Any CPU.Build.0 = Debug|Any CPU
		{A5AC7353-B667-4400-A03B-2E9CB9C01A63}.Debug|x64.ActiveCfg = Debug|Any CPU
		{A5AC7353-B667-4400-A03B-2E9CB9C01A63}.Debug|x64.Build.0 = Debug|Any CPU
		{A5AC7353-B667-4400-A03B-2E9CB9C01A63}.Release|Any CPU.ActiveCfg = Release|Any CPU
		{A5AC7353-B667-4400-A03B-2E9CB9C01A63}.Release|Any CPU.Build.0 = Release|Any CPU
		{A5AC7353-B667-4400-A03B-2E9CB9C01A63}.Release|x64.ActiveCfg = Release|Any CPU
		{A5AC7353-B667-4400-A03B-2E9CB9C01A63}.Release|x64.Build.0 = Release|Any CPU
		{582954DB-2482-4706-BBD5-A4BE6B97E559}.Debug|Any CPU.ActiveCfg = Debug|Any CPU
		{582954DB-2482-4706-BBD5-A4BE6B97E559}.Debug|Any CPU.Build.0 = Debug|Any CPU
		{582954DB-2482-4706-BBD5-A4BE6B97E559}.Debug|x64.ActiveCfg = Debug|Any CPU
		{582954DB-2482-4706-BBD5-A4BE6B97E559}.Debug|x64.Build.0 = Debug|Any CPU
		{582954DB-2482-4706-BBD5-A4BE6B97E559}.Release|Any CPU.ActiveCfg = Release|Any CPU
		{582954DB-2482-4706-BBD5-A4BE6B97E559}.Release|Any CPU.Build.0 = Release|Any CPU
		{582954DB-2482-4706-BBD5-A4BE6B97E559}.Release|x64.ActiveCfg = Release|Any CPU
		{582954DB-2482-4706-BBD5-A4BE6B97E559}.Release|x64.Build.0 = Release|Any CPU
		{A1093D5B-2EA7-461C-B2A2-D8DE7A6456EA}.Debug|Any CPU.ActiveCfg = Debug|Any CPU
		{A1093D5B-2EA7-461C-B2A2-D8DE7A6456EA}.Debug|Any CPU.Build.0 = Debug|Any CPU
		{A1093D5B-2EA7-461C-B2A2-D8DE7A6456EA}.Debug|x64.ActiveCfg = Debug|Any CPU
		{A1093D5B-2EA7-461C-B2A2-D8DE7A6456EA}.Debug|x64.Build.0 = Debug|Any CPU
		{A1093D5B-2EA7-461C-B2A2-D8DE7A6456EA}.Release|Any CPU.ActiveCfg = Release|Any CPU
		{A1093D5B-2EA7-461C-B2A2-D8DE7A6456EA}.Release|Any CPU.Build.0 = Release|Any CPU
		{A1093D5B-2EA7-461C-B2A2-D8DE7A6456EA}.Release|x64.ActiveCfg = Release|Any CPU
		{A1093D5B-2EA7-461C-B2A2-D8DE7A6456EA}.Release|x64.Build.0 = Release|Any CPU
		{B1D14942-C434-43B8-AAFA-B625C520C0BF}.Debug|Any CPU.ActiveCfg = Debug|Any CPU
		{B1D14942-C434-43B8-AAFA-B625C520C0BF}.Debug|Any CPU.Build.0 = Debug|Any CPU
		{B1D14942-C434-43B8-AAFA-B625C520C0BF}.Debug|x64.ActiveCfg = Debug|Any CPU
		{B1D14942-C434-43B8-AAFA-B625C520C0BF}.Debug|x64.Build.0 = Debug|Any CPU
		{B1D14942-C434-43B8-AAFA-B625C520C0BF}.Release|Any CPU.ActiveCfg = Release|Any CPU
		{B1D14942-C434-43B8-AAFA-B625C520C0BF}.Release|Any CPU.Build.0 = Release|Any CPU
		{B1D14942-C434-43B8-AAFA-B625C520C0BF}.Release|x64.ActiveCfg = Release|Any CPU
		{B1D14942-C434-43B8-AAFA-B625C520C0BF}.Release|x64.Build.0 = Release|Any CPU
		{20611A39-FA1C-4E2F-8E7A-636557793B1E}.Debug|Any CPU.ActiveCfg = Debug|Any CPU
		{20611A39-FA1C-4E2F-8E7A-636557793B1E}.Debug|Any CPU.Build.0 = Debug|Any CPU
		{20611A39-FA1C-4E2F-8E7A-636557793B1E}.Debug|x64.ActiveCfg = Debug|Any CPU
		{20611A39-FA1C-4E2F-8E7A-636557793B1E}.Debug|x64.Build.0 = Debug|Any CPU
		{20611A39-FA1C-4E2F-8E7A-636557793B1E}.Release|Any CPU.ActiveCfg = Release|Any CPU
		{20611A39-FA1C-4E2F-8E7A-636557793B1E}.Release|Any CPU.Build.0 = Release|Any CPU
		{20611A39-FA1C-4E2F-8E7A-636557793B1E}.Release|x64.ActiveCfg = Release|Any CPU
		{20611A39-FA1C-4E2F-8E7A-636557793B1E}.Release|x64.Build.0 = Release|Any CPU
	EndGlobalSection
	GlobalSection(SolutionProperties) = preSolution
		HideSolutionNode = FALSE
	EndGlobalSection
	GlobalSection(ExtensibilityGlobals) = postSolution
		SolutionGuid = {1FBEB6F7-2D6B-4FEE-9A8A-A1019D944AFE}
	EndGlobalSection
EndGlobal
