
Microsoft Visual Studio Solution File, Format Version 12.00
# Visual Studio Version 16
VisualStudioVersion = 16.0.30413.136
MinimumVisualStudioVersion = 10.0.40219.1
Project("{9A19103F-16F7-4668-BE54-9A1E7A4F7556}") = "SubstrateNetApi", "SubstrateNetApi\SubstrateNetApi.csproj", "{A9A29CC9-09EC-4624-8156-654A0E0936D8}"
EndProject
Project("{9A19103F-16F7-4668-BE54-9A1E7A4F7556}") = "SubstrateNetApiTests", "SubstrateNetApiTest\SubstrateNetApiTests.csproj", "{44F3AE7C-8392-4CE4-9EA6-3F3E3EF647FC}"
EndProject
Project("{9A19103F-16F7-4668-BE54-9A1E7A4F7556}") = "DemoApiTest", "DemoApiTest\DemoApiTest.csproj", "{39D8197A-AA12-4796-8B9F-39E57ADC73B3}"
EndProject
Project("{9A19103F-16F7-4668-BE54-9A1E7A4F7556}") = "SubstrateNetWallet", "SubstrateNetWallet\SubstrateNetWallet.csproj", "{A5AC7353-B667-4400-A03B-2E9CB9C01A63}"
EndProject
Project("{9A19103F-16F7-4668-BE54-9A1E7A4F7556}") = "SubstrateNetWalletTests", "SubstrateNetWalletTest\SubstrateNetWalletTests.csproj", "{582954DB-2482-4706-BBD5-A4BE6B97E559}"
EndProject
Project("{9A19103F-16F7-4668-BE54-9A1E7A4F7556}") = "DemoWalletTest", "DemoWalletTest\DemoWalletTest.csproj", "{6DC829AE-9EB1-4C58-ABFF-A260F54569B1}"
EndProject
Project("{9A19103F-16F7-4668-BE54-9A1E7A4F7556}") = "Sandbox", "Sandbox\Sandbox.csproj", "{06354223-9242-4D31-83ED-DA8589BFC2AE}"
EndProject
Project("{9A19103F-16F7-4668-BE54-9A1E7A4F7556}") = "IntegrationTest", "IntegrationTest\IntegrationTest.csproj", "{5AD61EBF-AD5A-4FCF-8012-0899EE6EFB8D}"
EndProject
Global
	GlobalSection(SolutionConfigurationPlatforms) = preSolution
		Debug|Any CPU = Debug|Any CPU
		Debug|x64 = Debug|x64
		Release|Any CPU = Release|Any CPU
		Release|x64 = Release|x64
	EndGlobalSection
	GlobalSection(ProjectConfigurationPlatforms) = postSolution
		{A9A29CC9-09EC-4624-8156-654A0E0936D8}.Debug|Any CPU.ActiveCfg = Debug|Any CPU
		{A9A29CC9-09EC-4624-8156-654A0E0936D8}.Debug|Any CPU.Build.0 = Debug|Any CPU
		{A9A29CC9-09EC-4624-8156-654A0E0936D8}.Debug|x64.ActiveCfg = Debug|Any CPU
		{A9A29CC9-09EC-4624-8156-654A0E0936D8}.Debug|x64.Build.0 = Debug|Any CPU
		{A9A29CC9-09EC-4624-8156-654A0E0936D8}.Release|Any CPU.ActiveCfg = Release|Any CPU
		{A9A29CC9-09EC-4624-8156-654A0E0936D8}.Release|Any CPU.Build.0 = Release|Any CPU
		{A9A29CC9-09EC-4624-8156-654A0E0936D8}.Release|x64.ActiveCfg = Release|Any CPU
		{A9A29CC9-09EC-4624-8156-654A0E0936D8}.Release|x64.Build.0 = Release|Any CPU
		{44F3AE7C-8392-4CE4-9EA6-3F3E3EF647FC}.Debug|Any CPU.ActiveCfg = Debug|Any CPU
		{44F3AE7C-8392-4CE4-9EA6-3F3E3EF647FC}.Debug|Any CPU.Build.0 = Debug|Any CPU
		{44F3AE7C-8392-4CE4-9EA6-3F3E3EF647FC}.Debug|x64.ActiveCfg = Debug|Any CPU
		{44F3AE7C-8392-4CE4-9EA6-3F3E3EF647FC}.Debug|x64.Build.0 = Debug|Any CPU
		{44F3AE7C-8392-4CE4-9EA6-3F3E3EF647FC}.Release|Any CPU.ActiveCfg = Release|Any CPU
		{44F3AE7C-8392-4CE4-9EA6-3F3E3EF647FC}.Release|Any CPU.Build.0 = Release|Any CPU
		{44F3AE7C-8392-4CE4-9EA6-3F3E3EF647FC}.Release|x64.ActiveCfg = Release|Any CPU
		{44F3AE7C-8392-4CE4-9EA6-3F3E3EF647FC}.Release|x64.Build.0 = Release|Any CPU
		{39D8197A-AA12-4796-8B9F-39E57ADC73B3}.Debug|Any CPU.ActiveCfg = Debug|Any CPU
		{39D8197A-AA12-4796-8B9F-39E57ADC73B3}.Debug|Any CPU.Build.0 = Debug|Any CPU
		{39D8197A-AA12-4796-8B9F-39E57ADC73B3}.Debug|x64.ActiveCfg = Debug|Any CPU
		{39D8197A-AA12-4796-8B9F-39E57ADC73B3}.Debug|x64.Build.0 = Debug|Any CPU
		{39D8197A-AA12-4796-8B9F-39E57ADC73B3}.Release|Any CPU.ActiveCfg = Release|Any CPU
		{39D8197A-AA12-4796-8B9F-39E57ADC73B3}.Release|Any CPU.Build.0 = Release|Any CPU
		{39D8197A-AA12-4796-8B9F-39E57ADC73B3}.Release|x64.ActiveCfg = Release|Any CPU
		{39D8197A-AA12-4796-8B9F-39E57ADC73B3}.Release|x64.Build.0 = Release|Any CPU
		{A5AC7353-B667-4400-A03B-2E9CB9C01A63}.Debug|Any CPU.ActiveCfg = Debug|Any CPU
		{A5AC7353-B667-4400-A03B-2E9CB9C01A63}.Debug|Any CPU.Build.0 = Debug|Any CPU
		{A5AC7353-B667-4400-A03B-2E9CB9C01A63}.Debug|x64.ActiveCfg = Debug|Any CPU
		{A5AC7353-B667-4400-A03B-2E9CB9C01A63}.Debug|x64.Build.0 = Debug|Any CPU
		{A5AC7353-B667-4400-A03B-2E9CB9C01A63}.Release|Any CPU.ActiveCfg = Release|Any CPU
		{A5AC7353-B667-4400-A03B-2E9CB9C01A63}.Release|Any CPU.Build.0 = Release|Any CPU
		{A5AC7353-B667-4400-A03B-2E9CB9C01A63}.Release|x64.ActiveCfg = Release|Any CPU
		{A5AC7353-B667-4400-A03B-2E9CB9C01A63}.Release|x64.Build.0 = Release|Any CPU
		{582954DB-2482-4706-BBD5-A4BE6B97E559}.Debug|Any CPU.ActiveCfg = Debug|Any CPU
		{582954DB-2482-4706-BBD5-A4BE6B97E559}.Debug|Any CPU.Build.0 = Debug|Any CPU
		{582954DB-2482-4706-BBD5-A4BE6B97E559}.Debug|x64.ActiveCfg = Debug|Any CPU
		{582954DB-2482-4706-BBD5-A4BE6B97E559}.Debug|x64.Build.0 = Debug|Any CPU
		{582954DB-2482-4706-BBD5-A4BE6B97E559}.Release|Any CPU.ActiveCfg = Release|Any CPU
		{582954DB-2482-4706-BBD5-A4BE6B97E559}.Release|Any CPU.Build.0 = Release|Any CPU
		{582954DB-2482-4706-BBD5-A4BE6B97E559}.Release|x64.ActiveCfg = Release|Any CPU
		{582954DB-2482-4706-BBD5-A4BE6B97E559}.Release|x64.Build.0 = Release|Any CPU
		{6DC829AE-9EB1-4C58-ABFF-A260F54569B1}.Debug|Any CPU.ActiveCfg = Debug|Any CPU
		{6DC829AE-9EB1-4C58-ABFF-A260F54569B1}.Debug|Any CPU.Build.0 = Debug|Any CPU
		{6DC829AE-9EB1-4C58-ABFF-A260F54569B1}.Debug|x64.ActiveCfg = Debug|Any CPU
		{6DC829AE-9EB1-4C58-ABFF-A260F54569B1}.Debug|x64.Build.0 = Debug|Any CPU
		{6DC829AE-9EB1-4C58-ABFF-A260F54569B1}.Release|Any CPU.ActiveCfg = Release|Any CPU
		{6DC829AE-9EB1-4C58-ABFF-A260F54569B1}.Release|Any CPU.Build.0 = Release|Any CPU
		{6DC829AE-9EB1-4C58-ABFF-A260F54569B1}.Release|x64.ActiveCfg = Release|Any CPU
		{6DC829AE-9EB1-4C58-ABFF-A260F54569B1}.Release|x64.Build.0 = Release|Any CPU
		{06354223-9242-4D31-83ED-DA8589BFC2AE}.Debug|Any CPU.ActiveCfg = Debug|Any CPU
		{06354223-9242-4D31-83ED-DA8589BFC2AE}.Debug|Any CPU.Build.0 = Debug|Any CPU
		{06354223-9242-4D31-83ED-DA8589BFC2AE}.Debug|x64.ActiveCfg = Debug|Any CPU
		{06354223-9242-4D31-83ED-DA8589BFC2AE}.Debug|x64.Build.0 = Debug|Any CPU
		{06354223-9242-4D31-83ED-DA8589BFC2AE}.Release|Any CPU.ActiveCfg = Release|Any CPU
		{06354223-9242-4D31-83ED-DA8589BFC2AE}.Release|Any CPU.Build.0 = Release|Any CPU
		{06354223-9242-4D31-83ED-DA8589BFC2AE}.Release|x64.ActiveCfg = Release|Any CPU
		{06354223-9242-4D31-83ED-DA8589BFC2AE}.Release|x64.Build.0 = Release|Any CPU
		{5AD61EBF-AD5A-4FCF-8012-0899EE6EFB8D}.Debug|Any CPU.ActiveCfg = Debug|Any CPU
		{5AD61EBF-AD5A-4FCF-8012-0899EE6EFB8D}.Debug|Any CPU.Build.0 = Debug|Any CPU
		{5AD61EBF-AD5A-4FCF-8012-0899EE6EFB8D}.Debug|x64.ActiveCfg = Debug|Any CPU
		{5AD61EBF-AD5A-4FCF-8012-0899EE6EFB8D}.Debug|x64.Build.0 = Debug|Any CPU
		{5AD61EBF-AD5A-4FCF-8012-0899EE6EFB8D}.Release|Any CPU.ActiveCfg = Release|Any CPU
		{5AD61EBF-AD5A-4FCF-8012-0899EE6EFB8D}.Release|Any CPU.Build.0 = Release|Any CPU
		{5AD61EBF-AD5A-4FCF-8012-0899EE6EFB8D}.Release|x64.ActiveCfg = Release|Any CPU
		{5AD61EBF-AD5A-4FCF-8012-0899EE6EFB8D}.Release|x64.Build.0 = Release|Any CPU
	EndGlobalSection
	GlobalSection(SolutionProperties) = preSolution
		HideSolutionNode = FALSE
	EndGlobalSection
	GlobalSection(ExtensibilityGlobals) = postSolution
		SolutionGuid = {1FBEB6F7-2D6B-4FEE-9A8A-A1019D944AFE}
	EndGlobalSection
EndGlobal
