
Microsoft Visual Studio Solution File, Format Version 12.00
# Visual Studio 15
VisualStudioVersion = 15.0.27428.2043
MinimumVisualStudioVersion = 10.0.40219.1
Project("{FAE04EC0-301F-11D3-BF4B-00C04F79EFBC}") = "dotnetstandard-bip39", "dotnetstandard-bip39\dotnetstandard-bip39.csproj", "{D9AABCE3-9B46-4BA9-859B-A390581368DA}"
EndProject
Project("{FAE04EC0-301F-11D3-BF4B-00C04F79EFBC}") = "testconsole", "testconsole\testconsole.csproj", "{9532FBCD-BFA4-429C-8896-2BC6D4194159}"
EndProject
Project("{FAE04EC0-301F-11D3-BF4B-00C04F79EFBC}") = "dotnetstandard-bip39-unittest", "dotnetstandard-bip39-unittest\dotnetstandard-bip39-unittest.csproj", "{D66B917F-8E36-47BA-8574-13695B75B2F3}"
EndProject
Global
	GlobalSection(SolutionConfigurationPlatforms) = preSolution
		Debug|Any CPU = Debug|Any CPU
		Release|Any CPU = Release|Any CPU
	EndGlobalSection
	GlobalSection(ProjectConfigurationPlatforms) = postSolution
		{D9AABCE3-9B46-4BA9-859B-A390581368DA}.Debug|Any CPU.ActiveCfg = Debug|Any CPU
		{D9AABCE3-9B46-4BA9-859B-A390581368DA}.Debug|Any CPU.Build.0 = Debug|Any CPU
		{D9AABCE3-9B46-4BA9-859B-A390581368DA}.Release|Any CPU.ActiveCfg = Release|Any CPU
		{D9AABCE3-9B46-4BA9-859B-A390581368DA}.Release|Any CPU.Build.0 = Release|Any CPU
		{9532FBCD-BFA4-429C-8896-2BC6D4194159}.Debug|Any CPU.ActiveCfg = Debug|Any CPU
		{9532FBCD-BFA4-429C-8896-2BC6D4194159}.Debug|Any CPU.Build.0 = Debug|Any CPU
		{9532FBCD-BFA4-429C-8896-2BC6D4194159}.Release|Any CPU.ActiveCfg = Release|Any CPU
		{9532FBCD-BFA4-429C-8896-2BC6D4194159}.Release|Any CPU.Build.0 = Release|Any CPU
		{D66B917F-8E36-47BA-8574-13695B75B2F3}.Debug|Any CPU.ActiveCfg = Debug|Any CPU
		{D66B917F-8E36-47BA-8574-13695B75B2F3}.Debug|Any CPU.Build.0 = Debug|Any CPU
		{D66B917F-8E36-47BA-8574-13695B75B2F3}.Release|Any CPU.ActiveCfg = Release|Any CPU
		{D66B917F-8E36-47BA-8574-13695B75B2F3}.Release|Any CPU.Build.0 = Release|Any CPU
	EndGlobalSection
	GlobalSection(SolutionProperties) = preSolution
		HideSolutionNode = FALSE
	EndGlobalSection
	GlobalSection(ExtensibilityGlobals) = postSolution
		SolutionGuid = {A78CE0FB-FF92-48E9-83F2-A5C5532FCBDE}
	EndGlobalSection
EndGlobal
