
Microsoft Visual Studio Solution File, Format Version 12.00
# Visual Studio Version 16
VisualStudioVersion = 16.0.30413.136
MinimumVisualStudioVersion = 10.0.40219.1
Project("{9A19103F-16F7-4668-BE54-9A1E7A4F7556}") = "SubstrateNetApi", "SubstrateNetApi\SubstrateNetApi.csproj", "{A9A29CC9-09EC-4624-8156-654A0E0936D8}"
EndProject
Project("{9A19103F-16F7-4668-BE54-9A1E7A4F7556}") = "SubstrateNetApiTests", "SubstrateNetApiTest\SubstrateNetApiTests.csproj", "{44F3AE7C-8392-4CE4-9EA6-3F3E3EF647FC}"
EndProject
Project("{9A19103F-16F7-4668-BE54-9A1E7A4F7556}") = "DemoApiTest", "DemoApiTest\DemoApiTest.csproj", "{39D8197A-AA12-4796-8B9F-39E57ADC73B3}"
EndProject
Project("{9A19103F-16F7-4668-BE54-9A1E7A4F7556}") = "Schnorrkel", "Schnorrkel\Schnorrkel.csproj", "{3A3C5C33-26C0-400D-A2FC-420B096FD8E2}"
EndProject
Global
	GlobalSection(SolutionConfigurationPlatforms) = preSolution
		Debug|Any CPU = Debug|Any CPU
		Release|Any CPU = Release|Any CPU
	EndGlobalSection
	GlobalSection(ProjectConfigurationPlatforms) = postSolution
		{A9A29CC9-09EC-4624-8156-654A0E0936D8}.Debug|Any CPU.ActiveCfg = Debug|Any CPU
		{A9A29CC9-09EC-4624-8156-654A0E0936D8}.Debug|Any CPU.Build.0 = Debug|Any CPU
		{A9A29CC9-09EC-4624-8156-654A0E0936D8}.Release|Any CPU.ActiveCfg = Release|Any CPU
		{A9A29CC9-09EC-4624-8156-654A0E0936D8}.Release|Any CPU.Build.0 = Release|Any CPU
		{44F3AE7C-8392-4CE4-9EA6-3F3E3EF647FC}.Debug|Any CPU.ActiveCfg = Debug|Any CPU
		{44F3AE7C-8392-4CE4-9EA6-3F3E3EF647FC}.Debug|Any CPU.Build.0 = Debug|Any CPU
		{44F3AE7C-8392-4CE4-9EA6-3F3E3EF647FC}.Release|Any CPU.ActiveCfg = Release|Any CPU
		{44F3AE7C-8392-4CE4-9EA6-3F3E3EF647FC}.Release|Any CPU.Build.0 = Release|Any CPU
		{39D8197A-AA12-4796-8B9F-39E57ADC73B3}.Debug|Any CPU.ActiveCfg = Debug|Any CPU
		{39D8197A-AA12-4796-8B9F-39E57ADC73B3}.Debug|Any CPU.Build.0 = Debug|Any CPU
		{39D8197A-AA12-4796-8B9F-39E57ADC73B3}.Release|Any CPU.ActiveCfg = Release|Any CPU
		{39D8197A-AA12-4796-8B9F-39E57ADC73B3}.Release|Any CPU.Build.0 = Release|Any CPU
		{3A3C5C33-26C0-400D-A2FC-420B096FD8E2}.Debug|Any CPU.ActiveCfg = Debug|Any CPU
		{3A3C5C33-26C0-400D-A2FC-420B096FD8E2}.Debug|Any CPU.Build.0 = Debug|Any CPU
		{3A3C5C33-26C0-400D-A2FC-420B096FD8E2}.Release|Any CPU.ActiveCfg = Release|Any CPU
		{3A3C5C33-26C0-400D-A2FC-420B096FD8E2}.Release|Any CPU.Build.0 = Release|Any CPU
	EndGlobalSection
	GlobalSection(SolutionProperties) = preSolution
		HideSolutionNode = FALSE
	EndGlobalSection
	GlobalSection(ExtensibilityGlobals) = postSolution
		SolutionGuid = {1FBEB6F7-2D6B-4FEE-9A8A-A1019D944AFE}
	EndGlobalSection
EndGlobal
